
Microsoft Visual Studio Solution File, Format Version 12.00
# Visual Studio Version 17
VisualStudioVersion = 17.7.34018.315
MinimumVisualStudioVersion = 10.0.40219.1
Project("{FAE04EC0-301F-11D3-BF4B-00C04F79EFBC}") = "TestGHN", "TestGHN\TestGHN.csproj", "{768C5323-2B0D-495C-AAC2-59094CC6EB06}"
EndProject
Global
	GlobalSection(SolutionConfigurationPlatforms) = preSolution
		Debug|Any CPU = Debug|Any CPU
		Release|Any CPU = Release|Any CPU
	EndGlobalSection
	GlobalSection(ProjectConfigurationPlatforms) = postSolution
		{768C5323-2B0D-495C-AAC2-59094CC6EB06}.Debug|Any CPU.ActiveCfg = Debug|Any CPU
		{768C5323-2B0D-495C-AAC2-59094CC6EB06}.Debug|Any CPU.Build.0 = Debug|Any CPU
		{768C5323-2B0D-495C-AAC2-59094CC6EB06}.Release|Any CPU.ActiveCfg = Release|Any CPU
		{768C5323-2B0D-495C-AAC2-59094CC6EB06}.Release|Any CPU.Build.0 = Release|Any CPU
	EndGlobalSection
	GlobalSection(SolutionProperties) = preSolution
		HideSolutionNode = FALSE
	EndGlobalSection
	GlobalSection(ExtensibilityGlobals) = postSolution
		SolutionGuid = {D09FE8BB-7482-4DE0-A3CC-BDA78464E463}
	EndGlobalSection
EndGlobal
